
Microsoft Visual Studio Solution File, Format Version 12.00
# Visual Studio Version 17
VisualStudioVersion = 17.0.31903.59
MinimumVisualStudioVersion = 10.0.40219.1
Project("{9A19103F-16F7-4668-BE54-9A1E7A4F7556}") = "NReader.Blazor", "src\NReader.Blazor\NReader.Blazor.csproj", "{8E0C60CD-CC25-4E9D-B173-3102D9D1E702}"
EndProject
Project("{2150E333-8FDC-42A3-9474-1A3956D46DE8}") = "src", "src", "{37BBF593-9F98-4F4F-84C3-545DFE5E8992}"
EndProject
Project("{9A19103F-16F7-4668-BE54-9A1E7A4F7556}") = "NReader.Abstractions", "src\NReader.Abstractions\NReader.Abstractions.csproj", "{4F10044D-2879-490D-B069-AA14BF3E1EB7}"
EndProject
Project("{9A19103F-16F7-4668-BE54-9A1E7A4F7556}") = "NReader.Core", "src\NReader.Core\NReader.Core.csproj", "{59F9FD2D-444D-49AC-8D0B-D54D4AF2EB9A}"
EndProject
Project("{2150E333-8FDC-42A3-9474-1A3956D46DE8}") = "extensions", "extensions", "{DDC788D0-8893-4E22-8F59-43F951B81D51}"
EndProject
Project("{9A19103F-16F7-4668-BE54-9A1E7A4F7556}") = "NReader.Extensions.Test", "extensions\NReader.Extensions.Test\NReader.Extensions.Test.csproj", "{F9261868-2A01-44F8-A8C0-D595CE2BE7B3}"
EndProject
Project("{2150E333-8FDC-42A3-9474-1A3956D46DE8}") = "Solution Items", "Solution Items", "{5531D086-0B32-4C55-8DC0-CC655DD8B7AC}"
	ProjectSection(SolutionItems) = preProject
		.github\workflows\codeql-analysis.yml = .github\workflows\codeql-analysis.yml
		.github\dependabot.yml = .github\dependabot.yml
		.github\workflows\dotnet.yml = .github\workflows\dotnet.yml
	EndProjectSection
EndProject
Project("{9A19103F-16F7-4668-BE54-9A1E7A4F7556}") = "NReader.Extensions.Xkcd", "extensions\NReader.Extensions.Xkcd\NReader.Extensions.Xkcd.csproj", "{A22A3C3A-8901-4D14-8571-4FEC0B9D3C10}"
EndProject
Project("{9A19103F-16F7-4668-BE54-9A1E7A4F7556}") = "NReader.Storage.Abstractions", "src\NReader.Storage.Abstractions\NReader.Storage.Abstractions.csproj", "{2EFD6E6C-2833-4CD2-8D2E-1B0F175A252C}"
EndProject
Project("{9A19103F-16F7-4668-BE54-9A1E7A4F7556}") = "NReader.Storage.Sqlite", "src\NReader.Storage.Sqlite\NReader.Storage.Sqlite.csproj", "{1D817479-10D4-4B91-AF83-A42E0BAB7E1E}"
EndProject
Global
	GlobalSection(SolutionConfigurationPlatforms) = preSolution
		Debug|Any CPU = Debug|Any CPU
		Release|Any CPU = Release|Any CPU
	EndGlobalSection
	GlobalSection(ProjectConfigurationPlatforms) = postSolution
		{8E0C60CD-CC25-4E9D-B173-3102D9D1E702}.Debug|Any CPU.ActiveCfg = Debug|Any CPU
		{8E0C60CD-CC25-4E9D-B173-3102D9D1E702}.Debug|Any CPU.Build.0 = Debug|Any CPU
		{8E0C60CD-CC25-4E9D-B173-3102D9D1E702}.Release|Any CPU.ActiveCfg = Release|Any CPU
		{8E0C60CD-CC25-4E9D-B173-3102D9D1E702}.Release|Any CPU.Build.0 = Release|Any CPU
		{4F10044D-2879-490D-B069-AA14BF3E1EB7}.Debug|Any CPU.ActiveCfg = Debug|Any CPU
		{4F10044D-2879-490D-B069-AA14BF3E1EB7}.Debug|Any CPU.Build.0 = Debug|Any CPU
		{4F10044D-2879-490D-B069-AA14BF3E1EB7}.Release|Any CPU.ActiveCfg = Release|Any CPU
		{4F10044D-2879-490D-B069-AA14BF3E1EB7}.Release|Any CPU.Build.0 = Release|Any CPU
		{59F9FD2D-444D-49AC-8D0B-D54D4AF2EB9A}.Debug|Any CPU.ActiveCfg = Debug|Any CPU
		{59F9FD2D-444D-49AC-8D0B-D54D4AF2EB9A}.Debug|Any CPU.Build.0 = Debug|Any CPU
		{59F9FD2D-444D-49AC-8D0B-D54D4AF2EB9A}.Release|Any CPU.ActiveCfg = Release|Any CPU
		{59F9FD2D-444D-49AC-8D0B-D54D4AF2EB9A}.Release|Any CPU.Build.0 = Release|Any CPU
		{F9261868-2A01-44F8-A8C0-D595CE2BE7B3}.Debug|Any CPU.ActiveCfg = Debug|Any CPU
		{F9261868-2A01-44F8-A8C0-D595CE2BE7B3}.Debug|Any CPU.Build.0 = Debug|Any CPU
		{F9261868-2A01-44F8-A8C0-D595CE2BE7B3}.Release|Any CPU.ActiveCfg = Release|Any CPU
		{F9261868-2A01-44F8-A8C0-D595CE2BE7B3}.Release|Any CPU.Build.0 = Release|Any CPU
		{A22A3C3A-8901-4D14-8571-4FEC0B9D3C10}.Debug|Any CPU.ActiveCfg = Debug|Any CPU
		{A22A3C3A-8901-4D14-8571-4FEC0B9D3C10}.Debug|Any CPU.Build.0 = Debug|Any CPU
		{A22A3C3A-8901-4D14-8571-4FEC0B9D3C10}.Release|Any CPU.ActiveCfg = Release|Any CPU
		{A22A3C3A-8901-4D14-8571-4FEC0B9D3C10}.Release|Any CPU.Build.0 = Release|Any CPU
		{2EFD6E6C-2833-4CD2-8D2E-1B0F175A252C}.Debug|Any CPU.ActiveCfg = Debug|Any CPU
		{2EFD6E6C-2833-4CD2-8D2E-1B0F175A252C}.Debug|Any CPU.Build.0 = Debug|Any CPU
		{2EFD6E6C-2833-4CD2-8D2E-1B0F175A252C}.Release|Any CPU.ActiveCfg = Release|Any CPU
		{2EFD6E6C-2833-4CD2-8D2E-1B0F175A252C}.Release|Any CPU.Build.0 = Release|Any CPU
		{1D817479-10D4-4B91-AF83-A42E0BAB7E1E}.Debug|Any CPU.ActiveCfg = Debug|Any CPU
		{1D817479-10D4-4B91-AF83-A42E0BAB7E1E}.Debug|Any CPU.Build.0 = Debug|Any CPU
		{1D817479-10D4-4B91-AF83-A42E0BAB7E1E}.Release|Any CPU.ActiveCfg = Release|Any CPU
		{1D817479-10D4-4B91-AF83-A42E0BAB7E1E}.Release|Any CPU.Build.0 = Release|Any CPU
	EndGlobalSection
	GlobalSection(SolutionProperties) = preSolution
		HideSolutionNode = FALSE
	EndGlobalSection
	GlobalSection(NestedProjects) = preSolution
		{8E0C60CD-CC25-4E9D-B173-3102D9D1E702} = {37BBF593-9F98-4F4F-84C3-545DFE5E8992}
		{4F10044D-2879-490D-B069-AA14BF3E1EB7} = {37BBF593-9F98-4F4F-84C3-545DFE5E8992}
		{59F9FD2D-444D-49AC-8D0B-D54D4AF2EB9A} = {37BBF593-9F98-4F4F-84C3-545DFE5E8992}
		{F9261868-2A01-44F8-A8C0-D595CE2BE7B3} = {DDC788D0-8893-4E22-8F59-43F951B81D51}
		{A22A3C3A-8901-4D14-8571-4FEC0B9D3C10} = {DDC788D0-8893-4E22-8F59-43F951B81D51}
		{2EFD6E6C-2833-4CD2-8D2E-1B0F175A252C} = {37BBF593-9F98-4F4F-84C3-545DFE5E8992}
		{1D817479-10D4-4B91-AF83-A42E0BAB7E1E} = {37BBF593-9F98-4F4F-84C3-545DFE5E8992}
	EndGlobalSection
	GlobalSection(ExtensibilityGlobals) = postSolution
		SolutionGuid = {8CA5D6D9-ED33-4813-8E00-29CEFB6D69BE}
	EndGlobalSection
EndGlobal
